// !$*UTF8*$!
{
	archiveVersion = 1;
	classes = {
	};
	objectVersion = 50;
	objects = {

/* Begin PBXBuildFile section */
		CE232F1022D78D8100077AE2 /* AppDelegate.swift in Sources */ = {isa = PBXBuildFile; fileRef = CE232F0F22D78D8100077AE2 /* AppDelegate.swift */; };
		CE232F1222D78D8100077AE2 /* ViewController.swift in Sources */ = {isa = PBXBuildFile; fileRef = CE232F1122D78D8100077AE2 /* ViewController.swift */; };
		CE232F1522D78D8100077AE2 /* Main.storyboard in Resources */ = {isa = PBXBuildFile; fileRef = CE232F1322D78D8100077AE2 /* Main.storyboard */; };
		CE232F1722D78D8400077AE2 /* Assets.xcassets in Resources */ = {isa = PBXBuildFile; fileRef = CE232F1622D78D8400077AE2 /* Assets.xcassets */; };
		CE232F1A22D78D8400077AE2 /* LaunchScreen.storyboard in Resources */ = {isa = PBXBuildFile; fileRef = CE232F1822D78D8400077AE2 /* LaunchScreen.storyboard */; };
		CE232F2222D79AF300077AE2 /* ERPBTableViewCell.swift in Sources */ = {isa = PBXBuildFile; fileRef = CE232F2122D79AF200077AE2 /* ERPBTableViewCell.swift */; };
		CE232F2422D79B0B00077AE2 /* ERNBUTableViewCell.swift in Sources */ = {isa = PBXBuildFile; fileRef = CE232F2322D79B0B00077AE2 /* ERNBUTableViewCell.swift */; };
		CE232F2622D7CC8700077AE2 /* NetworkService.swift in Sources */ = {isa = PBXBuildFile; fileRef = CE232F2522D7CC8700077AE2 /* NetworkService.swift */; };
		CE232F2822D7CCFE00077AE2 /* NetworkServiceExchangeRates.swift in Sources */ = {isa = PBXBuildFile; fileRef = CE232F2722D7CCFE00077AE2 /* NetworkServiceExchangeRates.swift */; };
		CE232F2A22D7CD9D00077AE2 /* ExchangeRatesJSON.swift in Sources */ = {isa = PBXBuildFile; fileRef = CE232F2922D7CD9D00077AE2 /* ExchangeRatesJSON.swift */; };
		CE232F2C22D8A51400077AE2 /* PopVC.swift in Sources */ = {isa = PBXBuildFile; fileRef = CE232F2B22D8A51400077AE2 /* PopVC.swift */; };
		CE232F2E22D8B8AD00077AE2 /* DateForRequest.swift in Sources */ = {isa = PBXBuildFile; fileRef = CE232F2D22D8B8AD00077AE2 /* DateForRequest.swift */; };
		CE232F3022D8DE5100077AE2 /* DateFormatterAssistant.swift in Sources */ = {isa = PBXBuildFile; fileRef = CE232F2F22D8DE5100077AE2 /* DateFormatterAssistant.swift */; };
		CE25075722D936BC00C1EE9B /* CountCurrencyAssistant.swift in Sources */ = {isa = PBXBuildFile; fileRef = CE25075622D936BC00C1EE9B /* CountCurrencyAssistant.swift */; };
/* End PBXBuildFile section */

/* Begin PBXFileReference section */
		CE232F0C22D78D8100077AE2 /* ExchangeRatesForDB2.app */ = {isa = PBXFileReference; explicitFileType = wrapper.application; includeInIndex = 0; path = ExchangeRatesForDB2.app; sourceTree = BUILT_PRODUCTS_DIR; };
		CE232F0F22D78D8100077AE2 /* AppDelegate.swift */ = {isa = PBXFileReference; lastKnownFileType = sourcecode.swift; path = AppDelegate.swift; sourceTree = "<group>"; };
		CE232F1122D78D8100077AE2 /* ViewController.swift */ = {isa = PBXFileReference; lastKnownFileType = sourcecode.swift; path = ViewController.swift; sourceTree = "<group>"; };
		CE232F1422D78D8100077AE2 /* Base */ = {isa = PBXFileReference; lastKnownFileType = file.storyboard; name = Base; path = Base.lproj/Main.storyboard; sourceTree = "<group>"; };
		CE232F1622D78D8400077AE2 /* Assets.xcassets */ = {isa = PBXFileReference; lastKnownFileType = folder.assetcatalog; path = Assets.xcassets; sourceTree = "<group>"; };
		CE232F1922D78D8400077AE2 /* Base */ = {isa = PBXFileReference; lastKnownFileType = file.storyboard; name = Base; path = Base.lproj/LaunchScreen.storyboard; sourceTree = "<group>"; };
		CE232F1B22D78D8400077AE2 /* Info.plist */ = {isa = PBXFileReference; lastKnownFileType = text.plist.xml; path = Info.plist; sourceTree = "<group>"; };
		CE232F2122D79AF200077AE2 /* ERPBTableViewCell.swift */ = {isa = PBXFileReference; lastKnownFileType = sourcecode.swift; path = ERPBTableViewCell.swift; sourceTree = "<group>"; };
		CE232F2322D79B0B00077AE2 /* ERNBUTableViewCell.swift */ = {isa = PBXFileReference; lastKnownFileType = sourcecode.swift; path = ERNBUTableViewCell.swift; sourceTree = "<group>"; };
		CE232F2522D7CC8700077AE2 /* NetworkService.swift */ = {isa = PBXFileReference; lastKnownFileType = sourcecode.swift; path = NetworkService.swift; sourceTree = "<group>"; };
		CE232F2722D7CCFE00077AE2 /* NetworkServiceExchangeRates.swift */ = {isa = PBXFileReference; lastKnownFileType = sourcecode.swift; path = NetworkServiceExchangeRates.swift; sourceTree = "<group>"; };
		CE232F2922D7CD9D00077AE2 /* ExchangeRatesJSON.swift */ = {isa = PBXFileReference; lastKnownFileType = sourcecode.swift; path = ExchangeRatesJSON.swift; sourceTree = "<group>"; };
		CE232F2B22D8A51400077AE2 /* PopVC.swift */ = {isa = PBXFileReference; lastKnownFileType = sourcecode.swift; path = PopVC.swift; sourceTree = "<group>"; };
		CE232F2D22D8B8AD00077AE2 /* DateForRequest.swift */ = {isa = PBXFileReference; lastKnownFileType = sourcecode.swift; path = DateForRequest.swift; sourceTree = "<group>"; };
		CE232F2F22D8DE5100077AE2 /* DateFormatterAssistant.swift */ = {isa = PBXFileReference; lastKnownFileType = sourcecode.swift; path = DateFormatterAssistant.swift; sourceTree = "<group>"; };
		CE25075622D936BC00C1EE9B /* CountCurrencyAssistant.swift */ = {isa = PBXFileReference; lastKnownFileType = sourcecode.swift; path = CountCurrencyAssistant.swift; sourceTree = "<group>"; };
/* End PBXFileReference section */

/* Begin PBXFrameworksBuildPhase section */
		CE232F0922D78D8100077AE2 /* Frameworks */ = {
			isa = PBXFrameworksBuildPhase;
			buildActionMask = 2147483647;
			files = (
			);
			runOnlyForDeploymentPostprocessing = 0;
		};
/* End PBXFrameworksBuildPhase section */

/* Begin PBXGroup section */
		CE232F0322D78D8100077AE2 = {
			isa = PBXGroup;
			children = (
				CE232F0E22D78D8100077AE2 /* ExchangeRatesForDB2 */,
				CE232F0D22D78D8100077AE2 /* Products */,
			);
			sourceTree = "<group>";
		};
		CE232F0D22D78D8100077AE2 /* Products */ = {
			isa = PBXGroup;
			children = (
				CE232F0C22D78D8100077AE2 /* ExchangeRatesForDB2.app */,
			);
			name = Products;
			sourceTree = "<group>";
		};
		CE232F0E22D78D8100077AE2 /* ExchangeRatesForDB2 */ = {
			isa = PBXGroup;
			children = (
				CE232F0F22D78D8100077AE2 /* AppDelegate.swift */,
				CE25075422D9355700C1EE9B /* Model */,
				CE25075322D934F600C1EE9B /* TableViewCells */,
				CE25075522D9358800C1EE9B /* ViewControllers */,
				CE25075222D934AC00C1EE9B /* Assistants */,
				CE25075122D9341800C1EE9B /* NetworkService */,
				CE232F2D22D8B8AD00077AE2 /* DateForRequest.swift */,
				CE232F1322D78D8100077AE2 /* Main.storyboard */,
				CE232F1622D78D8400077AE2 /* Assets.xcassets */,
				CE232F1822D78D8400077AE2 /* LaunchScreen.storyboard */,
				CE232F1B22D78D8400077AE2 /* Info.plist */,
			);
			path = ExchangeRatesForDB2;
			sourceTree = "<group>";
		};
		CE25075122D9341800C1EE9B /* NetworkService */ = {
			isa = PBXGroup;
			children = (
				CE232F2522D7CC8700077AE2 /* NetworkService.swift */,
				CE232F2722D7CCFE00077AE2 /* NetworkServiceExchangeRates.swift */,
			);
			path = NetworkService;
			sourceTree = "<group>";
		};
		CE25075222D934AC00C1EE9B /* Assistants */ = {
			isa = PBXGroup;
			children = (
				CE232F2F22D8DE5100077AE2 /* DateFormatterAssistant.swift */,
				CE25075622D936BC00C1EE9B /* CountCurrencyAssistant.swift */,
			);
			path = Assistants;
			sourceTree = "<group>";
		};
		CE25075322D934F600C1EE9B /* TableViewCells */ = {
			isa = PBXGroup;
			children = (
				CE232F2122D79AF200077AE2 /* ERPBTableViewCell.swift */,
				CE232F2322D79B0B00077AE2 /* ERNBUTableViewCell.swift */,
			);
			path = TableViewCells;
			sourceTree = "<group>";
		};
		CE25075422D9355700C1EE9B /* Model */ = {
			isa = PBXGroup;
			children = (
				CE232F2922D7CD9D00077AE2 /* ExchangeRatesJSON.swift */,
			);
			path = Model;
			sourceTree = "<group>";
		};
		CE25075522D9358800C1EE9B /* ViewControllers */ = {
			isa = PBXGroup;
			children = (
				CE232F1122D78D8100077AE2 /* ViewController.swift */,
				CE232F2B22D8A51400077AE2 /* PopVC.swift */,
			);
			path = ViewControllers;
			sourceTree = "<group>";
		};
/* End PBXGroup section */

/* Begin PBXNativeTarget section */
		CE232F0B22D78D8100077AE2 /* ExchangeRatesForDB2 */ = {
			isa = PBXNativeTarget;
			buildConfigurationList = CE232F1E22D78D8400077AE2 /* Build configuration list for PBXNativeTarget "ExchangeRatesForDB2" */;
			buildPhases = (
				CE232F0822D78D8100077AE2 /* Sources */,
				CE232F0922D78D8100077AE2 /* Frameworks */,
				CE232F0A22D78D8100077AE2 /* Resources */,
			);
			buildRules = (
			);
			dependencies = (
			);
			name = ExchangeRatesForDB2;
			productName = ExchangeRatesForDB2;
			productReference = CE232F0C22D78D8100077AE2 /* ExchangeRatesForDB2.app */;
			productType = "com.apple.product-type.application";
		};
/* End PBXNativeTarget section */

/* Begin PBXProject section */
		CE232F0422D78D8100077AE2 /* Project object */ = {
			isa = PBXProject;
			attributes = {
				LastSwiftUpdateCheck = 1000;
				LastUpgradeCheck = 1000;
				ORGANIZATIONNAME = "Vlad Veretennikov";
				TargetAttributes = {
					CE232F0B22D78D8100077AE2 = {
						CreatedOnToolsVersion = 10.0;
					};
				};
			};
			buildConfigurationList = CE232F0722D78D8100077AE2 /* Build configuration list for PBXProject "ExchangeRatesForDB2" */;
			compatibilityVersion = "Xcode 9.3";
			developmentRegion = en;
			hasScannedForEncodings = 0;
			knownRegions = (
				en,
				Base,
			);
			mainGroup = CE232F0322D78D8100077AE2;
			productRefGroup = CE232F0D22D78D8100077AE2 /* Products */;
			projectDirPath = "";
			projectRoot = "";
			targets = (
				CE232F0B22D78D8100077AE2 /* ExchangeRatesForDB2 */,
			);
		};
/* End PBXProject section */

/* Begin PBXResourcesBuildPhase section */
		CE232F0A22D78D8100077AE2 /* Resources */ = {
			isa = PBXResourcesBuildPhase;
			buildActionMask = 2147483647;
			files = (
				CE232F1A22D78D8400077AE2 /* LaunchScreen.storyboard in Resources */,
				CE232F1722D78D8400077AE2 /* Assets.xcassets in Resources */,
				CE232F1522D78D8100077AE2 /* Main.storyboard in Resources */,
			);
			runOnlyForDeploymentPostprocessing = 0;
		};
/* End PBXResourcesBuildPhase section */

/* Begin PBXSourcesBuildPhase section */
		CE232F0822D78D8100077AE2 /* Sources */ = {
			isa = PBXSourcesBuildPhase;
			buildActionMask = 2147483647;
			files = (
				CE232F2622D7CC8700077AE2 /* NetworkService.swift in Sources */,
				CE232F2822D7CCFE00077AE2 /* NetworkServiceExchangeRates.swift in Sources */,
				CE232F2222D79AF300077AE2 /* ERPBTableViewCell.swift in Sources */,
				CE232F1222D78D8100077AE2 /* ViewController.swift in Sources */,
				CE232F2422D79B0B00077AE2 /* ERNBUTableViewCell.swift in Sources */,
				CE232F3022D8DE5100077AE2 /* DateFormatterAssistant.swift in Sources */,
				CE232F1022D78D8100077AE2 /* AppDelegate.swift in Sources */,
				CE232F2C22D8A51400077AE2 /* PopVC.swift in Sources */,
				CE232F2E22D8B8AD00077AE2 /* DateForRequest.swift in Sources */,
				CE25075722D936BC00C1EE9B /* CountCurrencyAssistant.swift in Sources */,
				CE232F2A22D7CD9D00077AE2 /* ExchangeRatesJSON.swift in Sources */,
			);
			runOnlyForDeploymentPostprocessing = 0;
		};
/* End PBXSourcesBuildPhase section */

/* Begin PBXVariantGroup section */
		CE232F1322D78D8100077AE2 /* Main.storyboard */ = {
			isa = PBXVariantGroup;
			children = (
				CE232F1422D78D8100077AE2 /* Base */,
			);
			name = Main.storyboard;
			sourceTree = "<group>";
		};
		CE232F1822D78D8400077AE2 /* LaunchScreen.storyboard */ = {
			isa = PBXVariantGroup;
			children = (
				CE232F1922D78D8400077AE2 /* Base */,
			);
			name = LaunchScreen.storyboard;
			sourceTree = "<group>";
		};
/* End PBXVariantGroup section */

/* Begin XCBuildConfiguration section */
		CE232F1C22D78D8400077AE2 /* Debug */ = {
			isa = XCBuildConfiguration;
			buildSettings = {
				ALWAYS_SEARCH_USER_PATHS = NO;
				CLANG_ANALYZER_NONNULL = YES;
				CLANG_ANALYZER_NUMBER_OBJECT_CONVERSION = YES_AGGRESSIVE;
				CLANG_CXX_LANGUAGE_STANDARD = "gnu++14";
				CLANG_CXX_LIBRARY = "libc++";
				CLANG_ENABLE_MODULES = YES;
				CLANG_ENABLE_OBJC_ARC = YES;
				CLANG_ENABLE_OBJC_WEAK = YES;
				CLANG_WARN_BLOCK_CAPTURE_AUTORELEASING = YES;
				CLANG_WARN_BOOL_CONVERSION = YES;
				CLANG_WARN_COMMA = YES;
				CLANG_WARN_CONSTANT_CONVERSION = YES;
				CLANG_WARN_DEPRECATED_OBJC_IMPLEMENTATIONS = YES;
				CLANG_WARN_DIRECT_OBJC_ISA_USAGE = YES_ERROR;
				CLANG_WARN_DOCUMENTATION_COMMENTS = YES;
				CLANG_WARN_EMPTY_BODY = YES;
				CLANG_WARN_ENUM_CONVERSION = YES;
				CLANG_WARN_INFINITE_RECURSION = YES;
				CLANG_WARN_INT_CONVERSION = YES;
				CLANG_WARN_NON_LITERAL_NULL_CONVERSION = YES;
				CLANG_WARN_OBJC_IMPLICIT_RETAIN_SELF = YES;
				CLANG_WARN_OBJC_LITERAL_CONVERSION = YES;
				CLANG_WARN_OBJC_ROOT_CLASS = YES_ERROR;
				CLANG_WARN_RANGE_LOOP_ANALYSIS = YES;
				CLANG_WARN_STRICT_PROTOTYPES = YES;
				CLANG_WARN_SUSPICIOUS_MOVE = YES;
				CLANG_WARN_UNGUARDED_AVAILABILITY = YES_AGGRESSIVE;
				CLANG_WARN_UNREACHABLE_CODE = YES;
				CLANG_WARN__DUPLICATE_METHOD_MATCH = YES;
				CODE_SIGN_IDENTITY = "iPhone Developer";
				COPY_PHASE_STRIP = NO;
				DEBUG_INFORMATION_FORMAT = dwarf;
				ENABLE_STRICT_OBJC_MSGSEND = YES;
				ENABLE_TESTABILITY = YES;
				GCC_C_LANGUAGE_STANDARD = gnu11;
				GCC_DYNAMIC_NO_PIC = NO;
				GCC_NO_COMMON_BLOCKS = YES;
				GCC_OPTIMIZATION_LEVEL = 0;
				GCC_PREPROCESSOR_DEFINITIONS = (
					"DEBUG=1",
					"$(inherited)",
				);
				GCC_WARN_64_TO_32_BIT_CONVERSION = YES;
				GCC_WARN_ABOUT_RETURN_TYPE = YES_ERROR;
				GCC_WARN_UNDECLARED_SELECTOR = YES;
				GCC_WARN_UNINITIALIZED_AUTOS = YES_AGGRESSIVE;
				GCC_WARN_UNUSED_FUNCTION = YES;
				GCC_WARN_UNUSED_VARIABLE = YES;
				IPHONEOS_DEPLOYMENT_TARGET = 12.0;
				MTL_ENABLE_DEBUG_INFO = INCLUDE_SOURCE;
				MTL_FAST_MATH = YES;
				ONLY_ACTIVE_ARCH = YES;
				SDKROOT = iphoneos;
				SWIFT_ACTIVE_COMPILATION_CONDITIONS = DEBUG;
				SWIFT_OPTIMIZATION_LEVEL = "-Onone";
			};
			name = Debug;
		};
		CE232F1D22D78D8400077AE2 /* Release */ = {
			isa = XCBuildConfiguration;
			buildSettings = {
				ALWAYS_SEARCH_USER_PATHS = NO;
				CLANG_ANALYZER_NONNULL = YES;
				CLANG_ANALYZER_NUMBER_OBJECT_CONVERSION = YES_AGGRESSIVE;
				CLANG_CXX_LANGUAGE_STANDARD = "gnu++14";
				CLANG_CXX_LIBRARY = "libc++";
				CLANG_ENABLE_MODULES = YES;
				CLANG_ENABLE_OBJC_ARC = YES;
				CLANG_ENABLE_OBJC_WEAK = YES;
				CLANG_WARN_BLOCK_CAPTURE_AUTORELEASING = YES;
				CLANG_WARN_BOOL_CONVERSION = YES;
				CLANG_WARN_COMMA = YES;
				CLANG_WARN_CONSTANT_CONVERSION = YES;
				CLANG_WARN_DEPRECATED_OBJC_IMPLEMENTATIONS = YES;
				CLANG_WARN_DIRECT_OBJC_ISA_USAGE = YES_ERROR;
				CLANG_WARN_DOCUMENTATION_COMMENTS = YES;
				CLANG_WARN_EMPTY_BODY = YES;
				CLANG_WARN_ENUM_CONVERSION = YES;
				CLANG_WARN_INFINITE_RECURSION = YES;
				CLANG_WARN_INT_CONVERSION = YES;
				CLANG_WARN_NON_LITERAL_NULL_CONVERSION = YES;
				CLANG_WARN_OBJC_IMPLICIT_RETAIN_SELF = YES;
				CLANG_WARN_OBJC_LITERAL_CONVERSION = YES;
				CLANG_WARN_OBJC_ROOT_CLASS = YES_ERROR;
				CLANG_WARN_RANGE_LOOP_ANALYSIS = YES;
				CLANG_WARN_STRICT_PROTOTYPES = YES;
				CLANG_WARN_SUSPICIOUS_MOVE = YES;
				CLANG_WARN_UNGUARDED_AVAILABILITY = YES_AGGRESSIVE;
				CLANG_WARN_UNREACHABLE_CODE = YES;
				CLANG_WARN__DUPLICATE_METHOD_MATCH = YES;
				CODE_SIGN_IDENTITY = "iPhone Developer";
				COPY_PHASE_STRIP = NO;
				DEBUG_INFORMATION_FORMAT = "dwarf-with-dsym";
				ENABLE_NS_ASSERTIONS = NO;
				ENABLE_STRICT_OBJC_MSGSEND = YES;
				GCC_C_LANGUAGE_STANDARD = gnu11;
				GCC_NO_COMMON_BLOCKS = YES;
				GCC_WARN_64_TO_32_BIT_CONVERSION = YES;
				GCC_WARN_ABOUT_RETURN_TYPE = YES_ERROR;
				GCC_WARN_UNDECLARED_SELECTOR = YES;
				GCC_WARN_UNINITIALIZED_AUTOS = YES_AGGRESSIVE;
				GCC_WARN_UNUSED_FUNCTION = YES;
				GCC_WARN_UNUSED_VARIABLE = YES;
				IPHONEOS_DEPLOYMENT_TARGET = 12.0;
				MTL_ENABLE_DEBUG_INFO = NO;
				MTL_FAST_MATH = YES;
				SDKROOT = iphoneos;
				SWIFT_COMPILATION_MODE = wholemodule;
				SWIFT_OPTIMIZATION_LEVEL = "-O";
				VALIDATE_PRODUCT = YES;
			};
			name = Release;
		};
		CE232F1F22D78D8400077AE2 /* Debug */ = {
			isa = XCBuildConfiguration;
			buildSettings = {
				ASSETCATALOG_COMPILER_APPICON_NAME = AppIcon;
				CODE_SIGN_STYLE = Automatic;
				DEVELOPMENT_TEAM = F7HMZCVKND;
				INFOPLIST_FILE = ExchangeRatesForDB2/Info.plist;
				LD_RUNPATH_SEARCH_PATHS = (
					"$(inherited)",
					"@executable_path/Frameworks",
				);
				PRODUCT_BUNDLE_IDENTIFIER = com.vladveretennikov.ExchangeRatesForDB2;
				PRODUCT_NAME = "$(TARGET_NAME)";
				SWIFT_VERSION = 4.2;
				TARGETED_DEVICE_FAMILY = "1,2";
			};
			name = Debug;
		};
		CE232F2022D78D8400077AE2 /* Release */ = {
			isa = XCBuildConfiguration;
			buildSettings = {
				ASSETCATALOG_COMPILER_APPICON_NAME = AppIcon;
				CODE_SIGN_STYLE = Automatic;
				DEVELOPMENT_TEAM = F7HMZCVKND;
				INFOPLIST_FILE = ExchangeRatesForDB2/Info.plist;
				LD_RUNPATH_SEARCH_PATHS = (
					"$(inherited)",
					"@executable_path/Frameworks",
				);
				PRODUCT_BUNDLE_IDENTIFIER = com.vladveretennikov.ExchangeRatesForDB2;
				PRODUCT_NAME = "$(TARGET_NAME)";
				SWIFT_VERSION = 4.2;
				TARGETED_DEVICE_FAMILY = "1,2";
			};
			name = Release;
		};
/* End XCBuildConfiguration section */

/* Begin XCConfigurationList section */
		CE232F0722D78D8100077AE2 /* Build configuration list for PBXProject "ExchangeRatesForDB2" */ = {
			isa = XCConfigurationList;
			buildConfigurations = (
				CE232F1C22D78D8400077AE2 /* Debug */,
				CE232F1D22D78D8400077AE2 /* Release */,
			);
			defaultConfigurationIsVisible = 0;
			defaultConfigurationName = Release;
		};
		CE232F1E22D78D8400077AE2 /* Build configuration list for PBXNativeTarget "ExchangeRatesForDB2" */ = {
			isa = XCConfigurationList;
			buildConfigurations = (
				CE232F1F22D78D8400077AE2 /* Debug */,
				CE232F2022D78D8400077AE2 /* Release */,
			);
			defaultConfigurationIsVisible = 0;
			defaultConfigurationName = Release;
		};
/* End XCConfigurationList section */
	};
	rootObject = CE232F0422D78D8100077AE2 /* Project object */;
}
